// !$*UTF8*$!
{
	archiveVersion = 1;
	classes = {
	};
	objectVersion = 46;
	objects = {

/* Begin PBXBuildFile section */
		A914CCA418CD756200B870D8 /* Foundation.framework in Frameworks */ = {isa = PBXBuildFile; fileRef = A914CCA318CD756200B870D8 /* Foundation.framework */; };
		A914CCA618CD756200B870D8 /* CoreGraphics.framework in Frameworks */ = {isa = PBXBuildFile; fileRef = A914CCA518CD756200B870D8 /* CoreGraphics.framework */; };
		A914CCA818CD756200B870D8 /* UIKit.framework in Frameworks */ = {isa = PBXBuildFile; fileRef = A914CCA718CD756200B870D8 /* UIKit.framework */; };
		A914CCAA18CD756200B870D8 /* CoreData.framework in Frameworks */ = {isa = PBXBuildFile; fileRef = A914CCA918CD756200B870D8 /* CoreData.framework */; };
		A914CCB018CD756200B870D8 /* InfoPlist.strings in Resources */ = {isa = PBXBuildFile; fileRef = A914CCAE18CD756200B870D8 /* InfoPlist.strings */; };
		A914CCB218CD756200B870D8 /* main.m in Sources */ = {isa = PBXBuildFile; fileRef = A914CCB118CD756200B870D8 /* main.m */; };
		A914CCB618CD756200B870D8 /* AppDelegate.m in Sources */ = {isa = PBXBuildFile; fileRef = A914CCB518CD756200B870D8 /* AppDelegate.m */; };
		A914CCB918CD756200B870D8 /* Main.storyboard in Resources */ = {isa = PBXBuildFile; fileRef = A914CCB718CD756200B870D8 /* Main.storyboard */; };
		A914CCBF18CD756200B870D8 /* MasterViewController.m in Sources */ = {isa = PBXBuildFile; fileRef = A914CCBE18CD756200B870D8 /* MasterViewController.m */; };
		A914CCC218CD756200B870D8 /* DetailViewController.m in Sources */ = {isa = PBXBuildFile; fileRef = A914CCC118CD756200B870D8 /* DetailViewController.m */; };
		A914CCC418CD756200B870D8 /* Images.xcassets in Resources */ = {isa = PBXBuildFile; fileRef = A914CCC318CD756200B870D8 /* Images.xcassets */; };
		A914CCCB18CD756200B870D8 /* XCTest.framework in Frameworks */ = {isa = PBXBuildFile; fileRef = A914CCCA18CD756200B870D8 /* XCTest.framework */; };
		A914CCCC18CD756200B870D8 /* Foundation.framework in Frameworks */ = {isa = PBXBuildFile; fileRef = A914CCA318CD756200B870D8 /* Foundation.framework */; };
		A914CCCD18CD756200B870D8 /* UIKit.framework in Frameworks */ = {isa = PBXBuildFile; fileRef = A914CCA718CD756200B870D8 /* UIKit.framework */; };
		A914CCCE18CD756200B870D8 /* CoreData.framework in Frameworks */ = {isa = PBXBuildFile; fileRef = A914CCA918CD756200B870D8 /* CoreData.framework */; };
		A914CCD618CD756200B870D8 /* InfoPlist.strings in Resources */ = {isa = PBXBuildFile; fileRef = A914CCD418CD756200B870D8 /* InfoPlist.strings */; };
		A914CCD818CD756200B870D8 /* WeedaForiPhoneTests.m in Sources */ = {isa = PBXBuildFile; fileRef = A914CCD718CD756200B870D8 /* WeedaForiPhoneTests.m */; };
		A91A62DE18FBBE0F008726E5 /* setting.png in Resources */ = {isa = PBXBuildFile; fileRef = A91A62DD18FBBE0F008726E5 /* setting.png */; };
		A91A62E318FD1B1C008726E5 /* compose.png in Resources */ = {isa = PBXBuildFile; fileRef = A91A62E218FD1B1C008726E5 /* compose.png */; };
		A91A62ED18FF8F48008726E5 /* UserListViewController.m in Sources */ = {isa = PBXBuildFile; fileRef = A91A62EC18FF8F48008726E5 /* UserListViewController.m */; };
		A91A62F819035FCC008726E5 /* ok.png in Resources */ = {isa = PBXBuildFile; fileRef = A91A62F719035FCC008726E5 /* ok.png */; };
		A91A62FA1903602B008726E5 /* wrong.png in Resources */ = {isa = PBXBuildFile; fileRef = A91A62F91903602B008726E5 /* wrong.png */; };
		A92E513A19046E2A00FC518F /* UserTableViewCell.m in Sources */ = {isa = PBXBuildFile; fileRef = A92E513919046E2A00FC518F /* UserTableViewCell.m */; };
		A92E513D19047C6000FC518F /* follow.png in Resources */ = {isa = PBXBuildFile; fileRef = A92E513B19047C6000FC518F /* follow.png */; };
		A92E514019048B0400FC518F /* followed.png in Resources */ = {isa = PBXBuildFile; fileRef = A92E513F19048B0400FC518F /* followed.png */; };
		A953B6EE18D6D7B5001CDD4C /* CFNetwork.framework in Frameworks */ = {isa = PBXBuildFile; fileRef = A953B6ED18D6D7B5001CDD4C /* CFNetwork.framework */; };
		A953B6F018D6D7BC001CDD4C /* libxml2.dylib in Frameworks */ = {isa = PBXBuildFile; fileRef = A953B6EF18D6D7BC001CDD4C /* libxml2.dylib */; };
		A953B6F218D6D7C3001CDD4C /* MobileCoreServices.framework in Frameworks */ = {isa = PBXBuildFile; fileRef = A953B6F118D6D7C3001CDD4C /* MobileCoreServices.framework */; };
		A953B6F418D6D7CB001CDD4C /* QuartzCore.framework in Frameworks */ = {isa = PBXBuildFile; fileRef = A953B6F318D6D7CB001CDD4C /* QuartzCore.framework */; };
		A953B6F618D6D7D2001CDD4C /* Security.framework in Frameworks */ = {isa = PBXBuildFile; fileRef = A953B6F518D6D7D2001CDD4C /* Security.framework */; };
		A953B6F818D6D7DB001CDD4C /* SystemConfiguration.framework in Frameworks */ = {isa = PBXBuildFile; fileRef = A953B6F718D6D7DB001CDD4C /* SystemConfiguration.framework */; };
		A953B6FE18D6D9DB001CDD4C /* Model.xcdatamodeld in Sources */ = {isa = PBXBuildFile; fileRef = A953B6FC18D6D9DB001CDD4C /* Model.xcdatamodeld */; };
		A953B70B18DF8E42001CDD4C /* libRestKit.a in Frameworks */ = {isa = PBXBuildFile; fileRef = A953B6E418D6D794001CDD4C /* libRestKit.a */; };
		A991C04818FB3B7700A3D2CD /* TabBarController.m in Sources */ = {isa = PBXBuildFile; fileRef = A991C04718FB3B7700A3D2CD /* TabBarController.m */; };
		A991C04E18FB42EC00A3D2CD /* profile_icon.png in Resources */ = {isa = PBXBuildFile; fileRef = A991C04D18FB42EC00A3D2CD /* profile_icon.png */; };
		A991C05018FB517600A3D2CD /* selected_profile_icon.png in Resources */ = {isa = PBXBuildFile; fileRef = A991C04F18FB517600A3D2CD /* selected_profile_icon.png */; };
		A991C05218FB58D600A3D2CD /* weed.png in Resources */ = {isa = PBXBuildFile; fileRef = A991C05118FB58D600A3D2CD /* weed.png */; };
		A991C05418FB597900A3D2CD /* selected_weed.png in Resources */ = {isa = PBXBuildFile; fileRef = A991C05318FB597900A3D2CD /* selected_weed.png */; };
		A991C05718FB70D400A3D2CD /* waterdropgray.png in Resources */ = {isa = PBXBuildFile; fileRef = A991C05618FB70D400A3D2CD /* waterdropgray.png */; };
		A991C05E18FB75A900A3D2CD /* waterdrop.png in Resources */ = {isa = PBXBuildFile; fileRef = A991C05D18FB75A900A3D2CD /* waterdrop.png */; };
		A9A46802190C696300461E90 /* seed.png in Resources */ = {isa = PBXBuildFile; fileRef = A9A46801190C696300461E90 /* seed.png */; };
		A9A46804190C7A6300461E90 /* seedgray.png in Resources */ = {isa = PBXBuildFile; fileRef = A9A46803190C7A6300461E90 /* seedgray.png */; };
		A9A46807190C7A9D00461E90 /* Weed.m in Sources */ = {isa = PBXBuildFile; fileRef = A9A46806190C7A9D00461E90 /* Weed.m */; };
		A9A4680F190DDF4100461E90 /* light.png in Resources */ = {isa = PBXBuildFile; fileRef = A9A4680E190DDF4100461E90 /* light.png */; };
		A9A46824190DE2C600461E90 /* lightgray.png in Resources */ = {isa = PBXBuildFile; fileRef = A9A46823190DE2C600461E90 /* lightgray.png */; };
		A9CA8E5918E8DB1E004F095D /* RemoteObject.m in Sources */ = {isa = PBXBuildFile; fileRef = A9CA8E5818E8DB1E004F095D /* RemoteObject.m */; };
		A9CA8E6618E9132C004F095D /* AddWeedViewController.m in Sources */ = {isa = PBXBuildFile; fileRef = A9CA8E6518E9132C004F095D /* AddWeedViewController.m */; };
		A9CA8E7E18F0F814004F095D /* UserViewController.m in Sources */ = {isa = PBXBuildFile; fileRef = A9CA8E7D18F0F814004F095D /* UserViewController.m */; };
		A9CA8E8F18F264BA004F095D /* User.m in Sources */ = {isa = PBXBuildFile; fileRef = A9CA8E8E18F264BA004F095D /* User.m */; };
		A9CA8E9718F3DD67004F095D /* avatar.jpg in Resources */ = {isa = PBXBuildFile; fileRef = A9CA8E9618F3DD67004F095D /* avatar.jpg */; };
		A9CA8EA018F3E255004F095D /* WeedTableViewCell.m in Sources */ = {isa = PBXBuildFile; fileRef = A9CA8E9E18F3E255004F095D /* WeedTableViewCell.m */; };
		EA1B050F18F3668A0033AB06 /* WelcomeViewController.m in Sources */ = {isa = PBXBuildFile; fileRef = EA1B050E18F3668A0033AB06 /* WelcomeViewController.m */; };
		EA38FC5F190C9A9D007D652B /* Image.m in Sources */ = {isa = PBXBuildFile; fileRef = EA38FC5E190C9A9D007D652B /* Image.m */; };
		EA38FC68190D6D26007D652B /* CropImageViewController.m in Sources */ = {isa = PBXBuildFile; fileRef = EA38FC67190D6D26007D652B /* CropImageViewController.m */; };
		EA38FC851917067F007D652B /* welcome.png in Resources */ = {isa = PBXBuildFile; fileRef = EA38FC841917067F007D652B /* welcome.png */; };
		EAA18EDE18F0ADFD0081482D /* LoginViewController.m in Sources */ = {isa = PBXBuildFile; fileRef = EAA18EDD18F0ADFD0081482D /* LoginViewController.m */; };
		EAF6762C18FB62E4003BB138 /* SignupViewController.m in Sources */ = {isa = PBXBuildFile; fileRef = EAF6762B18FB62E4003BB138 /* SignupViewController.m */; };
/* End PBXBuildFile section */

/* Begin PBXContainerItemProxy section */
		A914CCCF18CD756200B870D8 /* PBXContainerItemProxy */ = {
			isa = PBXContainerItemProxy;
			containerPortal = A914CC9818CD756200B870D8 /* Project object */;
			proxyType = 1;
			remoteGlobalIDString = A914CC9F18CD756200B870D8;
			remoteInfo = WeedaForiPhone;
		};
		A953B6E318D6D794001CDD4C /* PBXContainerItemProxy */ = {
			isa = PBXContainerItemProxy;
			containerPortal = A953B6DC18D6D794001CDD4C /* RestKit.xcodeproj */;
			proxyType = 2;
			remoteGlobalIDString = 25160D1614564E810060A5C5;
			remoteInfo = RestKit;
		};
		A953B6E518D6D794001CDD4C /* PBXContainerItemProxy */ = {
			isa = PBXContainerItemProxy;
			containerPortal = A953B6DC18D6D794001CDD4C /* RestKit.xcodeproj */;
			proxyType = 2;
			remoteGlobalIDString = 25160D2614564E820060A5C5;
			remoteInfo = RestKitTests;
		};
		A953B6E718D6D794001CDD4C /* PBXContainerItemProxy */ = {
			isa = PBXContainerItemProxy;
			containerPortal = A953B6DC18D6D794001CDD4C /* RestKit.xcodeproj */;
			proxyType = 2;
			remoteGlobalIDString = 25160E62145651060060A5C5;
			remoteInfo = RestKitFramework;
		};
		A953B6E918D6D794001CDD4C /* PBXContainerItemProxy */ = {
			isa = PBXContainerItemProxy;
			containerPortal = A953B6DC18D6D794001CDD4C /* RestKit.xcodeproj */;
			proxyType = 2;
			remoteGlobalIDString = 25160E78145651060060A5C5;
			remoteInfo = RestKitFrameworkTests;
		};
		A953B6EB18D6D7A1001CDD4C /* PBXContainerItemProxy */ = {
			isa = PBXContainerItemProxy;
			containerPortal = A953B6DC18D6D794001CDD4C /* RestKit.xcodeproj */;
			proxyType = 1;
			remoteGlobalIDString = 25160D1514564E810060A5C5;
			remoteInfo = RestKit;
		};
/* End PBXContainerItemProxy section */

/* Begin PBXFileReference section */
		A914CCA018CD756200B870D8 /* WeedaForiPhone.app */ = {isa = PBXFileReference; explicitFileType = wrapper.application; includeInIndex = 0; path = WeedaForiPhone.app; sourceTree = BUILT_PRODUCTS_DIR; };
		A914CCA318CD756200B870D8 /* Foundation.framework */ = {isa = PBXFileReference; lastKnownFileType = wrapper.framework; name = Foundation.framework; path = System/Library/Frameworks/Foundation.framework; sourceTree = SDKROOT; };
		A914CCA518CD756200B870D8 /* CoreGraphics.framework */ = {isa = PBXFileReference; lastKnownFileType = wrapper.framework; name = CoreGraphics.framework; path = System/Library/Frameworks/CoreGraphics.framework; sourceTree = SDKROOT; };
		A914CCA718CD756200B870D8 /* UIKit.framework */ = {isa = PBXFileReference; lastKnownFileType = wrapper.framework; name = UIKit.framework; path = System/Library/Frameworks/UIKit.framework; sourceTree = SDKROOT; };
		A914CCA918CD756200B870D8 /* CoreData.framework */ = {isa = PBXFileReference; lastKnownFileType = wrapper.framework; name = CoreData.framework; path = System/Library/Frameworks/CoreData.framework; sourceTree = SDKROOT; };
		A914CCAD18CD756200B870D8 /* WeedaForiPhone-Info.plist */ = {isa = PBXFileReference; lastKnownFileType = text.plist.xml; path = "WeedaForiPhone-Info.plist"; sourceTree = "<group>"; };
		A914CCAF18CD756200B870D8 /* en */ = {isa = PBXFileReference; lastKnownFileType = text.plist.strings; name = en; path = en.lproj/InfoPlist.strings; sourceTree = "<group>"; };
		A914CCB118CD756200B870D8 /* main.m */ = {isa = PBXFileReference; lastKnownFileType = sourcecode.c.objc; path = main.m; sourceTree = "<group>"; };
		A914CCB318CD756200B870D8 /* WeedaForiPhone-Prefix.pch */ = {isa = PBXFileReference; lastKnownFileType = sourcecode.c.h; path = "WeedaForiPhone-Prefix.pch"; sourceTree = "<group>"; };
		A914CCB418CD756200B870D8 /* AppDelegate.h */ = {isa = PBXFileReference; lastKnownFileType = sourcecode.c.h; path = AppDelegate.h; sourceTree = "<group>"; };
		A914CCB518CD756200B870D8 /* AppDelegate.m */ = {isa = PBXFileReference; lastKnownFileType = sourcecode.c.objc; path = AppDelegate.m; sourceTree = "<group>"; };
		A914CCB818CD756200B870D8 /* Base */ = {isa = PBXFileReference; lastKnownFileType = file.storyboard; name = Base; path = Base.lproj/Main.storyboard; sourceTree = "<group>"; };
		A914CCBD18CD756200B870D8 /* MasterViewController.h */ = {isa = PBXFileReference; lastKnownFileType = sourcecode.c.h; path = MasterViewController.h; sourceTree = "<group>"; };
		A914CCBE18CD756200B870D8 /* MasterViewController.m */ = {isa = PBXFileReference; lastKnownFileType = sourcecode.c.objc; path = MasterViewController.m; sourceTree = "<group>"; };
		A914CCC018CD756200B870D8 /* DetailViewController.h */ = {isa = PBXFileReference; lastKnownFileType = sourcecode.c.h; path = DetailViewController.h; sourceTree = "<group>"; };
		A914CCC118CD756200B870D8 /* DetailViewController.m */ = {isa = PBXFileReference; lastKnownFileType = sourcecode.c.objc; path = DetailViewController.m; sourceTree = "<group>"; };
		A914CCC318CD756200B870D8 /* Images.xcassets */ = {isa = PBXFileReference; lastKnownFileType = folder.assetcatalog; path = Images.xcassets; sourceTree = "<group>"; };
		A914CCC918CD756200B870D8 /* WeedaForiPhoneTests.xctest */ = {isa = PBXFileReference; explicitFileType = wrapper.cfbundle; includeInIndex = 0; path = WeedaForiPhoneTests.xctest; sourceTree = BUILT_PRODUCTS_DIR; };
		A914CCCA18CD756200B870D8 /* XCTest.framework */ = {isa = PBXFileReference; lastKnownFileType = wrapper.framework; name = XCTest.framework; path = Library/Frameworks/XCTest.framework; sourceTree = DEVELOPER_DIR; };
		A914CCD318CD756200B870D8 /* WeedaForiPhoneTests-Info.plist */ = {isa = PBXFileReference; lastKnownFileType = text.plist.xml; path = "WeedaForiPhoneTests-Info.plist"; sourceTree = "<group>"; };
		A914CCD518CD756200B870D8 /* en */ = {isa = PBXFileReference; lastKnownFileType = text.plist.strings; name = en; path = en.lproj/InfoPlist.strings; sourceTree = "<group>"; };
		A914CCD718CD756200B870D8 /* WeedaForiPhoneTests.m */ = {isa = PBXFileReference; lastKnownFileType = sourcecode.c.objc; path = WeedaForiPhoneTests.m; sourceTree = "<group>"; };
		A91A62DD18FBBE0F008726E5 /* setting.png */ = {isa = PBXFileReference; lastKnownFileType = image.png; name = setting.png; path = WeedaForiPhone/Images/setting.png; sourceTree = "<group>"; };
		A91A62E218FD1B1C008726E5 /* compose.png */ = {isa = PBXFileReference; lastKnownFileType = image.png; name = compose.png; path = WeedaForiPhone/Images/compose.png; sourceTree = "<group>"; };
		A91A62EB18FF8F48008726E5 /* UserListViewController.h */ = {isa = PBXFileReference; fileEncoding = 4; lastKnownFileType = sourcecode.c.h; path = UserListViewController.h; sourceTree = "<group>"; };
		A91A62EC18FF8F48008726E5 /* UserListViewController.m */ = {isa = PBXFileReference; fileEncoding = 4; lastKnownFileType = sourcecode.c.objc; path = UserListViewController.m; sourceTree = "<group>"; };
		A91A62F719035FCC008726E5 /* ok.png */ = {isa = PBXFileReference; lastKnownFileType = image.png; name = ok.png; path = WeedaForiPhone/Images/ok.png; sourceTree = "<group>"; };
		A91A62F91903602B008726E5 /* wrong.png */ = {isa = PBXFileReference; lastKnownFileType = image.png; name = wrong.png; path = WeedaForiPhone/Images/wrong.png; sourceTree = "<group>"; };
		A92E513819046E2A00FC518F /* UserTableViewCell.h */ = {isa = PBXFileReference; fileEncoding = 4; lastKnownFileType = sourcecode.c.h; name = UserTableViewCell.h; path = WeedaForiPhone/UI/UserTableViewCell.h; sourceTree = "<group>"; };
		A92E513919046E2A00FC518F /* UserTableViewCell.m */ = {isa = PBXFileReference; fileEncoding = 4; lastKnownFileType = sourcecode.c.objc; name = UserTableViewCell.m; path = WeedaForiPhone/UI/UserTableViewCell.m; sourceTree = "<group>"; };
		A92E513B19047C6000FC518F /* follow.png */ = {isa = PBXFileReference; lastKnownFileType = image.png; name = follow.png; path = WeedaForiPhone/Images/follow.png; sourceTree = "<group>"; };
		A92E513F19048B0400FC518F /* followed.png */ = {isa = PBXFileReference; lastKnownFileType = image.png; name = followed.png; path = WeedaForiPhone/Images/followed.png; sourceTree = "<group>"; };
		A953B6DC18D6D794001CDD4C /* RestKit.xcodeproj */ = {isa = PBXFileReference; lastKnownFileType = "wrapper.pb-project"; name = RestKit.xcodeproj; path = RestKit/RestKit.xcodeproj; sourceTree = "<group>"; };
		A953B6ED18D6D7B5001CDD4C /* CFNetwork.framework */ = {isa = PBXFileReference; lastKnownFileType = wrapper.framework; name = CFNetwork.framework; path = System/Library/Frameworks/CFNetwork.framework; sourceTree = SDKROOT; };
		A953B6EF18D6D7BC001CDD4C /* libxml2.dylib */ = {isa = PBXFileReference; lastKnownFileType = "compiled.mach-o.dylib"; name = libxml2.dylib; path = usr/lib/libxml2.dylib; sourceTree = SDKROOT; };
		A953B6F118D6D7C3001CDD4C /* MobileCoreServices.framework */ = {isa = PBXFileReference; lastKnownFileType = wrapper.framework; name = MobileCoreServices.framework; path = System/Library/Frameworks/MobileCoreServices.framework; sourceTree = SDKROOT; };
		A953B6F318D6D7CB001CDD4C /* QuartzCore.framework */ = {isa = PBXFileReference; lastKnownFileType = wrapper.framework; name = QuartzCore.framework; path = System/Library/Frameworks/QuartzCore.framework; sourceTree = SDKROOT; };
		A953B6F518D6D7D2001CDD4C /* Security.framework */ = {isa = PBXFileReference; lastKnownFileType = wrapper.framework; name = Security.framework; path = System/Library/Frameworks/Security.framework; sourceTree = SDKROOT; };
		A953B6F718D6D7DB001CDD4C /* SystemConfiguration.framework */ = {isa = PBXFileReference; lastKnownFileType = wrapper.framework; name = SystemConfiguration.framework; path = System/Library/Frameworks/SystemConfiguration.framework; sourceTree = SDKROOT; };
		A953B6FD18D6D9DB001CDD4C /* Model.xcdatamodel */ = {isa = PBXFileReference; lastKnownFileType = wrapper.xcdatamodel; path = Model.xcdatamodel; sourceTree = "<group>"; };
		A991C04618FB3B7700A3D2CD /* TabBarController.h */ = {isa = PBXFileReference; fileEncoding = 4; lastKnownFileType = sourcecode.c.h; path = TabBarController.h; sourceTree = "<group>"; };
		A991C04718FB3B7700A3D2CD /* TabBarController.m */ = {isa = PBXFileReference; fileEncoding = 4; lastKnownFileType = sourcecode.c.objc; path = TabBarController.m; sourceTree = "<group>"; };
		A991C04D18FB42EC00A3D2CD /* profile_icon.png */ = {isa = PBXFileReference; lastKnownFileType = image.png; name = profile_icon.png; path = WeedaForiPhone/Images/profile_icon.png; sourceTree = "<group>"; };
		A991C04F18FB517600A3D2CD /* selected_profile_icon.png */ = {isa = PBXFileReference; lastKnownFileType = image.png; name = selected_profile_icon.png; path = WeedaForiPhone/Images/selected_profile_icon.png; sourceTree = "<group>"; };
		A991C05118FB58D600A3D2CD /* weed.png */ = {isa = PBXFileReference; lastKnownFileType = image.png; name = weed.png; path = WeedaForiPhone/Images/weed.png; sourceTree = "<group>"; };
		A991C05318FB597900A3D2CD /* selected_weed.png */ = {isa = PBXFileReference; lastKnownFileType = image.png; name = selected_weed.png; path = WeedaForiPhone/Images/selected_weed.png; sourceTree = "<group>"; };
		A991C05618FB70D400A3D2CD /* waterdropgray.png */ = {isa = PBXFileReference; lastKnownFileType = image.png; name = waterdropgray.png; path = WeedaForiPhone/Images/waterdropgray.png; sourceTree = "<group>"; };
		A991C05D18FB75A900A3D2CD /* waterdrop.png */ = {isa = PBXFileReference; lastKnownFileType = image.png; name = waterdrop.png; path = WeedaForiPhone/Images/waterdrop.png; sourceTree = "<group>"; };
		A9A46801190C696300461E90 /* seed.png */ = {isa = PBXFileReference; lastKnownFileType = image.png; name = seed.png; path = WeedaForiPhone/Images/seed.png; sourceTree = "<group>"; };
		A9A46803190C7A6300461E90 /* seedgray.png */ = {isa = PBXFileReference; lastKnownFileType = image.png; name = seedgray.png; path = WeedaForiPhone/Images/seedgray.png; sourceTree = "<group>"; };
		A9A46805190C7A9D00461E90 /* Weed.h */ = {isa = PBXFileReference; fileEncoding = 4; lastKnownFileType = sourcecode.c.h; name = Weed.h; path = WeedaForiPhone/Model/Weed.h; sourceTree = "<group>"; };
		A9A46806190C7A9D00461E90 /* Weed.m */ = {isa = PBXFileReference; fileEncoding = 4; lastKnownFileType = sourcecode.c.objc; name = Weed.m; path = WeedaForiPhone/Model/Weed.m; sourceTree = "<group>"; };
		A9A4680E190DDF4100461E90 /* light.png */ = {isa = PBXFileReference; lastKnownFileType = image.png; name = light.png; path = WeedaForiPhone/Images/light.png; sourceTree = "<group>"; };
		A9A46823190DE2C600461E90 /* lightgray.png */ = {isa = PBXFileReference; lastKnownFileType = image.png; name = lightgray.png; path = WeedaForiPhone/Images/lightgray.png; sourceTree = "<group>"; };
		A9CA8E5718E8DB1E004F095D /* RemoteObject.h */ = {isa = PBXFileReference; fileEncoding = 4; lastKnownFileType = sourcecode.c.h; name = RemoteObject.h; path = WeedaForiPhone/Model/RemoteObject.h; sourceTree = "<group>"; };
		A9CA8E5818E8DB1E004F095D /* RemoteObject.m */ = {isa = PBXFileReference; fileEncoding = 4; lastKnownFileType = sourcecode.c.objc; name = RemoteObject.m; path = WeedaForiPhone/Model/RemoteObject.m; sourceTree = "<group>"; };
		A9CA8E6418E9132C004F095D /* AddWeedViewController.h */ = {isa = PBXFileReference; fileEncoding = 4; lastKnownFileType = sourcecode.c.h; path = AddWeedViewController.h; sourceTree = "<group>"; };
		A9CA8E6518E9132C004F095D /* AddWeedViewController.m */ = {isa = PBXFileReference; fileEncoding = 4; lastKnownFileType = sourcecode.c.objc; path = AddWeedViewController.m; sourceTree = "<group>"; };
		A9CA8E7C18F0F814004F095D /* UserViewController.h */ = {isa = PBXFileReference; fileEncoding = 4; lastKnownFileType = sourcecode.c.h; path = UserViewController.h; sourceTree = "<group>"; };
		A9CA8E7D18F0F814004F095D /* UserViewController.m */ = {isa = PBXFileReference; fileEncoding = 4; lastKnownFileType = sourcecode.c.objc; path = UserViewController.m; sourceTree = "<group>"; };
		A9CA8E8D18F264BA004F095D /* User.h */ = {isa = PBXFileReference; fileEncoding = 4; lastKnownFileType = sourcecode.c.h; name = User.h; path = WeedaForiPhone/Model/User.h; sourceTree = "<group>"; };
		A9CA8E8E18F264BA004F095D /* User.m */ = {isa = PBXFileReference; fileEncoding = 4; lastKnownFileType = sourcecode.c.objc; name = User.m; path = WeedaForiPhone/Model/User.m; sourceTree = "<group>"; };
		A9CA8E9618F3DD67004F095D /* avatar.jpg */ = {isa = PBXFileReference; lastKnownFileType = image.jpeg; name = avatar.jpg; path = WeedaForiPhone/Images/avatar.jpg; sourceTree = "<group>"; };
		A9CA8E9D18F3E255004F095D /* WeedTableViewCell.h */ = {isa = PBXFileReference; fileEncoding = 4; lastKnownFileType = sourcecode.c.h; name = WeedTableViewCell.h; path = WeedaForiPhone/UI/WeedTableViewCell.h; sourceTree = "<group>"; };
		A9CA8E9E18F3E255004F095D /* WeedTableViewCell.m */ = {isa = PBXFileReference; fileEncoding = 4; lastKnownFileType = sourcecode.c.objc; name = WeedTableViewCell.m; path = WeedaForiPhone/UI/WeedTableViewCell.m; sourceTree = "<group>"; };
		EA1B050D18F3668A0033AB06 /* WelcomeViewController.h */ = {isa = PBXFileReference; fileEncoding = 4; lastKnownFileType = sourcecode.c.h; path = WelcomeViewController.h; sourceTree = "<group>"; };
		EA1B050E18F3668A0033AB06 /* WelcomeViewController.m */ = {isa = PBXFileReference; fileEncoding = 4; lastKnownFileType = sourcecode.c.objc; path = WelcomeViewController.m; sourceTree = "<group>"; };
		EA38FC5D190C9A9D007D652B /* Image.h */ = {isa = PBXFileReference; fileEncoding = 4; lastKnownFileType = sourcecode.c.h; name = Image.h; path = WeedaForiPhone/Model/Image.h; sourceTree = "<group>"; };
		EA38FC5E190C9A9D007D652B /* Image.m */ = {isa = PBXFileReference; fileEncoding = 4; lastKnownFileType = sourcecode.c.objc; name = Image.m; path = WeedaForiPhone/Model/Image.m; sourceTree = "<group>"; };
		EA38FC66190D6D26007D652B /* CropImageViewController.h */ = {isa = PBXFileReference; fileEncoding = 4; lastKnownFileType = sourcecode.c.h; path = CropImageViewController.h; sourceTree = "<group>"; };
		EA38FC67190D6D26007D652B /* CropImageViewController.m */ = {isa = PBXFileReference; fileEncoding = 4; lastKnownFileType = sourcecode.c.objc; path = CropImageViewController.m; sourceTree = "<group>"; };
		EA38FC841917067F007D652B /* welcome.png */ = {isa = PBXFileReference; lastKnownFileType = image.png; name = welcome.png; path = WeedaForiPhone/Images/welcome.png; sourceTree = "<group>"; };
		EAA18EDC18F0ADFD0081482D /* LoginViewController.h */ = {isa = PBXFileReference; fileEncoding = 4; lastKnownFileType = sourcecode.c.h; path = LoginViewController.h; sourceTree = "<group>"; };
		EAA18EDD18F0ADFD0081482D /* LoginViewController.m */ = {isa = PBXFileReference; fileEncoding = 4; lastKnownFileType = sourcecode.c.objc; path = LoginViewController.m; sourceTree = "<group>"; };
		EAF6762A18FB62E4003BB138 /* SignupViewController.h */ = {isa = PBXFileReference; fileEncoding = 4; lastKnownFileType = sourcecode.c.h; path = SignupViewController.h; sourceTree = "<group>"; };
		EAF6762B18FB62E4003BB138 /* SignupViewController.m */ = {isa = PBXFileReference; fileEncoding = 4; lastKnownFileType = sourcecode.c.objc; path = SignupViewController.m; sourceTree = "<group>"; };
/* End PBXFileReference section */

/* Begin PBXFrameworksBuildPhase section */
		A914CC9D18CD756200B870D8 /* Frameworks */ = {
			isa = PBXFrameworksBuildPhase;
			buildActionMask = 2147483647;
			files = (
				A953B70B18DF8E42001CDD4C /* libRestKit.a in Frameworks */,
				A953B6F818D6D7DB001CDD4C /* SystemConfiguration.framework in Frameworks */,
				A953B6F618D6D7D2001CDD4C /* Security.framework in Frameworks */,
				A953B6F418D6D7CB001CDD4C /* QuartzCore.framework in Frameworks */,
				A953B6F218D6D7C3001CDD4C /* MobileCoreServices.framework in Frameworks */,
				A953B6F018D6D7BC001CDD4C /* libxml2.dylib in Frameworks */,
				A953B6EE18D6D7B5001CDD4C /* CFNetwork.framework in Frameworks */,
				A914CCA618CD756200B870D8 /* CoreGraphics.framework in Frameworks */,
				A914CCAA18CD756200B870D8 /* CoreData.framework in Frameworks */,
				A914CCA818CD756200B870D8 /* UIKit.framework in Frameworks */,
				A914CCA418CD756200B870D8 /* Foundation.framework in Frameworks */,
			);
			runOnlyForDeploymentPostprocessing = 0;
		};
		A914CCC618CD756200B870D8 /* Frameworks */ = {
			isa = PBXFrameworksBuildPhase;
			buildActionMask = 2147483647;
			files = (
				A914CCCB18CD756200B870D8 /* XCTest.framework in Frameworks */,
				A914CCCE18CD756200B870D8 /* CoreData.framework in Frameworks */,
				A914CCCD18CD756200B870D8 /* UIKit.framework in Frameworks */,
				A914CCCC18CD756200B870D8 /* Foundation.framework in Frameworks */,
			);
			runOnlyForDeploymentPostprocessing = 0;
		};
/* End PBXFrameworksBuildPhase section */

/* Begin PBXGroup section */
		A914CC9718CD756200B870D8 = {
			isa = PBXGroup;
			children = (
				A953B6DC18D6D794001CDD4C /* RestKit.xcodeproj */,
				A914CCE218CD76C500B870D8 /* Model */,
				A9CA8E9A18F3E01C004F095D /* UI */,
				A9CA8E9218F3DAC6004F095D /* Images */,
				A914CCAB18CD756200B870D8 /* WeedaForiPhone */,
				A914CCD118CD756200B870D8 /* WeedaForiPhoneTests */,
				A914CCA218CD756200B870D8 /* Frameworks */,
				A914CCA118CD756200B870D8 /* Products */,
			);
			sourceTree = "<group>";
		};
		A914CCA118CD756200B870D8 /* Products */ = {
			isa = PBXGroup;
			children = (
				A914CCA018CD756200B870D8 /* WeedaForiPhone.app */,
				A914CCC918CD756200B870D8 /* WeedaForiPhoneTests.xctest */,
			);
			name = Products;
			sourceTree = "<group>";
		};
		A914CCA218CD756200B870D8 /* Frameworks */ = {
			isa = PBXGroup;
			children = (
				A953B6F718D6D7DB001CDD4C /* SystemConfiguration.framework */,
				A953B6F518D6D7D2001CDD4C /* Security.framework */,
				A953B6F318D6D7CB001CDD4C /* QuartzCore.framework */,
				A953B6F118D6D7C3001CDD4C /* MobileCoreServices.framework */,
				A953B6EF18D6D7BC001CDD4C /* libxml2.dylib */,
				A953B6ED18D6D7B5001CDD4C /* CFNetwork.framework */,
				A914CCA318CD756200B870D8 /* Foundation.framework */,
				A914CCA518CD756200B870D8 /* CoreGraphics.framework */,
				A914CCA718CD756200B870D8 /* UIKit.framework */,
				A914CCA918CD756200B870D8 /* CoreData.framework */,
				A914CCCA18CD756200B870D8 /* XCTest.framework */,
			);
			name = Frameworks;
			sourceTree = "<group>";
		};
		A914CCAB18CD756200B870D8 /* WeedaForiPhone */ = {
			isa = PBXGroup;
			children = (
				EA38FC66190D6D26007D652B /* CropImageViewController.h */,
				EA38FC67190D6D26007D652B /* CropImageViewController.m */,
				A9CA8E7C18F0F814004F095D /* UserViewController.h */,
				A9CA8E7D18F0F814004F095D /* UserViewController.m */,
				EAA18EDC18F0ADFD0081482D /* LoginViewController.h */,
				EAA18EDD18F0ADFD0081482D /* LoginViewController.m */,
				A9CA8E6418E9132C004F095D /* AddWeedViewController.h */,
				A9CA8E6518E9132C004F095D /* AddWeedViewController.m */,
				A914CCB418CD756200B870D8 /* AppDelegate.h */,
				A914CCB518CD756200B870D8 /* AppDelegate.m */,
				A914CCB718CD756200B870D8 /* Main.storyboard */,
				A914CCBD18CD756200B870D8 /* MasterViewController.h */,
				A914CCBE18CD756200B870D8 /* MasterViewController.m */,
				A914CCC018CD756200B870D8 /* DetailViewController.h */,
				A914CCC118CD756200B870D8 /* DetailViewController.m */,
				A914CCC318CD756200B870D8 /* Images.xcassets */,
				A914CCAC18CD756200B870D8 /* Supporting Files */,
				EA1B050D18F3668A0033AB06 /* WelcomeViewController.h */,
				EA1B050E18F3668A0033AB06 /* WelcomeViewController.m */,
				A991C04618FB3B7700A3D2CD /* TabBarController.h */,
				A991C04718FB3B7700A3D2CD /* TabBarController.m */,
				EAF6762A18FB62E4003BB138 /* SignupViewController.h */,
				EAF6762B18FB62E4003BB138 /* SignupViewController.m */,
				A91A62EB18FF8F48008726E5 /* UserListViewController.h */,
				A91A62EC18FF8F48008726E5 /* UserListViewController.m */,
			);
			path = WeedaForiPhone;
			sourceTree = "<group>";
		};
		A914CCAC18CD756200B870D8 /* Supporting Files */ = {
			isa = PBXGroup;
			children = (
				A914CCAD18CD756200B870D8 /* WeedaForiPhone-Info.plist */,
				A914CCAE18CD756200B870D8 /* InfoPlist.strings */,
				A914CCB118CD756200B870D8 /* main.m */,
				A914CCB318CD756200B870D8 /* WeedaForiPhone-Prefix.pch */,
			);
			name = "Supporting Files";
			sourceTree = "<group>";
		};
		A914CCD118CD756200B870D8 /* WeedaForiPhoneTests */ = {
			isa = PBXGroup;
			children = (
				A914CCD718CD756200B870D8 /* WeedaForiPhoneTests.m */,
				A914CCD218CD756200B870D8 /* Supporting Files */,
			);
			path = WeedaForiPhoneTests;
			sourceTree = "<group>";
		};
		A914CCD218CD756200B870D8 /* Supporting Files */ = {
			isa = PBXGroup;
			children = (
				A914CCD318CD756200B870D8 /* WeedaForiPhoneTests-Info.plist */,
				A914CCD418CD756200B870D8 /* InfoPlist.strings */,
			);
			name = "Supporting Files";
			sourceTree = "<group>";
		};
		A914CCE218CD76C500B870D8 /* Model */ = {
			isa = PBXGroup;
			children = (
				EA38FC5D190C9A9D007D652B /* Image.h */,
				EA38FC5E190C9A9D007D652B /* Image.m */,
				A953B6FC18D6D9DB001CDD4C /* Model.xcdatamodeld */,
				A9CA8E5718E8DB1E004F095D /* RemoteObject.h */,
				A9CA8E5818E8DB1E004F095D /* RemoteObject.m */,
				A9CA8E8D18F264BA004F095D /* User.h */,
				A9CA8E8E18F264BA004F095D /* User.m */,
				A9A46805190C7A9D00461E90 /* Weed.h */,
				A9A46806190C7A9D00461E90 /* Weed.m */,
			);
			name = Model;
			sourceTree = "<group>";
		};
		A953B6DD18D6D794001CDD4C /* Products */ = {
			isa = PBXGroup;
			children = (
				A953B6E418D6D794001CDD4C /* libRestKit.a */,
				A953B6E618D6D794001CDD4C /* RestKitTests.octest */,
				A953B6E818D6D794001CDD4C /* RestKit.framework */,
				A953B6EA18D6D794001CDD4C /* RestKitFrameworkTests.octest */,
			);
			name = Products;
			sourceTree = "<group>";
		};
		A9CA8E9218F3DAC6004F095D /* Images */ = {
			isa = PBXGroup;
			children = (
				A9A46823190DE2C600461E90 /* lightgray.png */,
				A9A4680E190DDF4100461E90 /* light.png */,
				EA38FC841917067F007D652B /* welcome.png */,
				A9A46803190C7A6300461E90 /* seedgray.png */,
				A9A46801190C696300461E90 /* seed.png */,
				A92E513F19048B0400FC518F /* followed.png */,
				A92E513B19047C6000FC518F /* follow.png */,
				A91A62F91903602B008726E5 /* wrong.png */,
				A91A62F719035FCC008726E5 /* ok.png */,
				A91A62E218FD1B1C008726E5 /* compose.png */,
				A91A62DD18FBBE0F008726E5 /* setting.png */,
				A991C05D18FB75A900A3D2CD /* waterdrop.png */,
				A991C05618FB70D400A3D2CD /* waterdropgray.png */,
				A991C05318FB597900A3D2CD /* selected_weed.png */,
				A991C05118FB58D600A3D2CD /* weed.png */,
				A991C04D18FB42EC00A3D2CD /* profile_icon.png */,
				A9CA8E9618F3DD67004F095D /* avatar.jpg */,
			);
			name = Images;
			sourceTree = "<group>";
		};
		A9CA8E9A18F3E01C004F095D /* UI */ = {
			isa = PBXGroup;
			children = (
				A92E513819046E2A00FC518F /* UserTableViewCell.h */,
				A92E513919046E2A00FC518F /* UserTableViewCell.m */,
				A991C04F18FB517600A3D2CD /* selected_profile_icon.png */,
				A9CA8E9D18F3E255004F095D /* WeedTableViewCell.h */,
				A9CA8E9E18F3E255004F095D /* WeedTableViewCell.m */,
			);
			name = UI;
			sourceTree = "<group>";
		};
/* End PBXGroup section */

/* Begin PBXNativeTarget section */
		A914CC9F18CD756200B870D8 /* WeedaForiPhone */ = {
			isa = PBXNativeTarget;
			buildConfigurationList = A914CCDB18CD756200B870D8 /* Build configuration list for PBXNativeTarget "WeedaForiPhone" */;
			buildPhases = (
				A914CC9C18CD756200B870D8 /* Sources */,
				A914CC9D18CD756200B870D8 /* Frameworks */,
				A914CC9E18CD756200B870D8 /* Resources */,
			);
			buildRules = (
			);
			dependencies = (
				A953B6EC18D6D7A1001CDD4C /* PBXTargetDependency */,
			);
			name = WeedaForiPhone;
			productName = WeedaForiPhone;
			productReference = A914CCA018CD756200B870D8 /* WeedaForiPhone.app */;
			productType = "com.apple.product-type.application";
		};
		A914CCC818CD756200B870D8 /* WeedaForiPhoneTests */ = {
			isa = PBXNativeTarget;
			buildConfigurationList = A914CCDE18CD756200B870D8 /* Build configuration list for PBXNativeTarget "WeedaForiPhoneTests" */;
			buildPhases = (
				A914CCC518CD756200B870D8 /* Sources */,
				A914CCC618CD756200B870D8 /* Frameworks */,
				A914CCC718CD756200B870D8 /* Resources */,
			);
			buildRules = (
			);
			dependencies = (
				A914CCD018CD756200B870D8 /* PBXTargetDependency */,
			);
			name = WeedaForiPhoneTests;
			productName = WeedaForiPhoneTests;
			productReference = A914CCC918CD756200B870D8 /* WeedaForiPhoneTests.xctest */;
			productType = "com.apple.product-type.bundle.unit-test";
		};
/* End PBXNativeTarget section */

/* Begin PBXProject section */
		A914CC9818CD756200B870D8 /* Project object */ = {
			isa = PBXProject;
			attributes = {
				LastUpgradeCheck = 0510;
				ORGANIZATIONNAME = Weeda;
				TargetAttributes = {
					A914CCC818CD756200B870D8 = {
						TestTargetID = A914CC9F18CD756200B870D8;
					};
				};
			};
			buildConfigurationList = A914CC9B18CD756200B870D8 /* Build configuration list for PBXProject "WeedaForiPhone" */;
			compatibilityVersion = "Xcode 3.2";
			developmentRegion = English;
			hasScannedForEncodings = 0;
			knownRegions = (
				en,
				Base,
			);
			mainGroup = A914CC9718CD756200B870D8;
			productRefGroup = A914CCA118CD756200B870D8 /* Products */;
			projectDirPath = "";
			projectReferences = (
				{
					ProductGroup = A953B6DD18D6D794001CDD4C /* Products */;
					ProjectRef = A953B6DC18D6D794001CDD4C /* RestKit.xcodeproj */;
				},
			);
			projectRoot = "";
			targets = (
				A914CC9F18CD756200B870D8 /* WeedaForiPhone */,
				A914CCC818CD756200B870D8 /* WeedaForiPhoneTests */,
			);
		};
/* End PBXProject section */

/* Begin PBXReferenceProxy section */
		A953B6E418D6D794001CDD4C /* libRestKit.a */ = {
			isa = PBXReferenceProxy;
			fileType = archive.ar;
			path = libRestKit.a;
			remoteRef = A953B6E318D6D794001CDD4C /* PBXContainerItemProxy */;
			sourceTree = BUILT_PRODUCTS_DIR;
		};
		A953B6E618D6D794001CDD4C /* RestKitTests.octest */ = {
			isa = PBXReferenceProxy;
			fileType = wrapper.cfbundle;
			path = RestKitTests.octest;
			remoteRef = A953B6E518D6D794001CDD4C /* PBXContainerItemProxy */;
			sourceTree = BUILT_PRODUCTS_DIR;
		};
		A953B6E818D6D794001CDD4C /* RestKit.framework */ = {
			isa = PBXReferenceProxy;
			fileType = wrapper.framework;
			path = RestKit.framework;
			remoteRef = A953B6E718D6D794001CDD4C /* PBXContainerItemProxy */;
			sourceTree = BUILT_PRODUCTS_DIR;
		};
		A953B6EA18D6D794001CDD4C /* RestKitFrameworkTests.octest */ = {
			isa = PBXReferenceProxy;
			fileType = wrapper.cfbundle;
			path = RestKitFrameworkTests.octest;
			remoteRef = A953B6E918D6D794001CDD4C /* PBXContainerItemProxy */;
			sourceTree = BUILT_PRODUCTS_DIR;
		};
/* End PBXReferenceProxy section */

/* Begin PBXResourcesBuildPhase section */
		A914CC9E18CD756200B870D8 /* Resources */ = {
			isa = PBXResourcesBuildPhase;
			buildActionMask = 2147483647;
			files = (
				A9A4680F190DDF4100461E90 /* light.png in Resources */,
				A9CA8E9718F3DD67004F095D /* avatar.jpg in Resources */,
				A9A46802190C696300461E90 /* seed.png in Resources */,
				A991C05418FB597900A3D2CD /* selected_weed.png in Resources */,
				A914CCC418CD756200B870D8 /* Images.xcassets in Resources */,
				EA38FC851917067F007D652B /* welcome.png in Resources */,
				A991C05E18FB75A900A3D2CD /* waterdrop.png in Resources */,
				A92E513D19047C6000FC518F /* follow.png in Resources */,
				A92E514019048B0400FC518F /* followed.png in Resources */,
				A914CCB018CD756200B870D8 /* InfoPlist.strings in Resources */,
				A91A62FA1903602B008726E5 /* wrong.png in Resources */,
				A9A46804190C7A6300461E90 /* seedgray.png in Resources */,
				A991C05218FB58D600A3D2CD /* weed.png in Resources */,
				A91A62F819035FCC008726E5 /* ok.png in Resources */,
				A91A62E318FD1B1C008726E5 /* compose.png in Resources */,
				A991C05018FB517600A3D2CD /* selected_profile_icon.png in Resources */,
				A9A46824190DE2C600461E90 /* lightgray.png in Resources */,
				A991C04E18FB42EC00A3D2CD /* profile_icon.png in Resources */,
				A91A62DE18FBBE0F008726E5 /* setting.png in Resources */,
				A914CCB918CD756200B870D8 /* Main.storyboard in Resources */,
				A991C05718FB70D400A3D2CD /* waterdropgray.png in Resources */,
			);
			runOnlyForDeploymentPostprocessing = 0;
		};
		A914CCC718CD756200B870D8 /* Resources */ = {
			isa = PBXResourcesBuildPhase;
			buildActionMask = 2147483647;
			files = (
				A914CCD618CD756200B870D8 /* InfoPlist.strings in Resources */,
			);
			runOnlyForDeploymentPostprocessing = 0;
		};
/* End PBXResourcesBuildPhase section */

/* Begin PBXSourcesBuildPhase section */
		A914CC9C18CD756200B870D8 /* Sources */ = {
			isa = PBXSourcesBuildPhase;
			buildActionMask = 2147483647;
			files = (
				A953B6FE18D6D9DB001CDD4C /* Model.xcdatamodeld in Sources */,
				A914CCC218CD756200B870D8 /* DetailViewController.m in Sources */,
				A9CA8EA018F3E255004F095D /* WeedTableViewCell.m in Sources */,
				A914CCBF18CD756200B870D8 /* MasterViewController.m in Sources */,
				EAA18EDE18F0ADFD0081482D /* LoginViewController.m in Sources */,
				A9CA8E5918E8DB1E004F095D /* RemoteObject.m in Sources */,
				A9A46807190C7A9D00461E90 /* Weed.m in Sources */,
				EA1B050F18F3668A0033AB06 /* WelcomeViewController.m in Sources */,
				A991C04818FB3B7700A3D2CD /* TabBarController.m in Sources */,
				EA38FC68190D6D26007D652B /* CropImageViewController.m in Sources */,
				A914CCB618CD756200B870D8 /* AppDelegate.m in Sources */,
				EAF6762C18FB62E4003BB138 /* SignupViewController.m in Sources */,
				A9CA8E8F18F264BA004F095D /* User.m in Sources */,
				A9CA8E7E18F0F814004F095D /* UserViewController.m in Sources */,
				A91A62ED18FF8F48008726E5 /* UserListViewController.m in Sources */,
				A9CA8E6618E9132C004F095D /* AddWeedViewController.m in Sources */,
				EA38FC5F190C9A9D007D652B /* Image.m in Sources */,
				A914CCB218CD756200B870D8 /* main.m in Sources */,
				A92E513A19046E2A00FC518F /* UserTableViewCell.m in Sources */,
			);
			runOnlyForDeploymentPostprocessing = 0;
		};
		A914CCC518CD756200B870D8 /* Sources */ = {
			isa = PBXSourcesBuildPhase;
			buildActionMask = 2147483647;
			files = (
				A914CCD818CD756200B870D8 /* WeedaForiPhoneTests.m in Sources */,
			);
			runOnlyForDeploymentPostprocessing = 0;
		};
/* End PBXSourcesBuildPhase section */

/* Begin PBXTargetDependency section */
		A914CCD018CD756200B870D8 /* PBXTargetDependency */ = {
			isa = PBXTargetDependency;
			target = A914CC9F18CD756200B870D8 /* WeedaForiPhone */;
			targetProxy = A914CCCF18CD756200B870D8 /* PBXContainerItemProxy */;
		};
		A953B6EC18D6D7A1001CDD4C /* PBXTargetDependency */ = {
			isa = PBXTargetDependency;
			name = RestKit;
			targetProxy = A953B6EB18D6D7A1001CDD4C /* PBXContainerItemProxy */;
		};
/* End PBXTargetDependency section */

/* Begin PBXVariantGroup section */
		A914CCAE18CD756200B870D8 /* InfoPlist.strings */ = {
			isa = PBXVariantGroup;
			children = (
				A914CCAF18CD756200B870D8 /* en */,
			);
			name = InfoPlist.strings;
			sourceTree = "<group>";
		};
		A914CCB718CD756200B870D8 /* Main.storyboard */ = {
			isa = PBXVariantGroup;
			children = (
				A914CCB818CD756200B870D8 /* Base */,
			);
			name = Main.storyboard;
			sourceTree = "<group>";
		};
		A914CCD418CD756200B870D8 /* InfoPlist.strings */ = {
			isa = PBXVariantGroup;
			children = (
				A914CCD518CD756200B870D8 /* en */,
			);
			name = InfoPlist.strings;
			sourceTree = "<group>";
		};
/* End PBXVariantGroup section */

/* Begin XCBuildConfiguration section */
		A914CCD918CD756200B870D8 /* Debug */ = {
			isa = XCBuildConfiguration;
			buildSettings = {
				ALWAYS_SEARCH_USER_PATHS = NO;
				CLANG_CXX_LANGUAGE_STANDARD = "gnu++0x";
				CLANG_CXX_LIBRARY = "libc++";
				CLANG_ENABLE_MODULES = YES;
				CLANG_ENABLE_OBJC_ARC = YES;
				CLANG_WARN_BOOL_CONVERSION = YES;
				CLANG_WARN_CONSTANT_CONVERSION = YES;
				CLANG_WARN_DIRECT_OBJC_ISA_USAGE = YES_ERROR;
				CLANG_WARN_EMPTY_BODY = YES;
				CLANG_WARN_ENUM_CONVERSION = YES;
				CLANG_WARN_INT_CONVERSION = YES;
				CLANG_WARN_OBJC_ROOT_CLASS = YES_ERROR;
				CLANG_WARN__DUPLICATE_METHOD_MATCH = YES;
				"CODE_SIGN_IDENTITY[sdk=iphoneos*]" = "iPhone Developer";
				COPY_PHASE_STRIP = NO;
				GCC_C_LANGUAGE_STANDARD = gnu99;
				GCC_DYNAMIC_NO_PIC = NO;
				GCC_OPTIMIZATION_LEVEL = 0;
				GCC_PREPROCESSOR_DEFINITIONS = (
					"DEBUG=1",
					"$(inherited)",
				);
				GCC_SYMBOLS_PRIVATE_EXTERN = NO;
				GCC_WARN_64_TO_32_BIT_CONVERSION = YES;
				GCC_WARN_ABOUT_RETURN_TYPE = YES_ERROR;
				GCC_WARN_UNDECLARED_SELECTOR = YES;
				GCC_WARN_UNINITIALIZED_AUTOS = YES;
				GCC_WARN_UNUSED_FUNCTION = YES;
				GCC_WARN_UNUSED_VARIABLE = YES;
				IPHONEOS_DEPLOYMENT_TARGET = 7.0;
				ONLY_ACTIVE_ARCH = YES;
				SDKROOT = iphoneos;
			};
			name = Debug;
		};
		A914CCDA18CD756200B870D8 /* Release */ = {
			isa = XCBuildConfiguration;
			buildSettings = {
				ALWAYS_SEARCH_USER_PATHS = NO;
				CLANG_CXX_LANGUAGE_STANDARD = "gnu++0x";
				CLANG_CXX_LIBRARY = "libc++";
				CLANG_ENABLE_MODULES = YES;
				CLANG_ENABLE_OBJC_ARC = YES;
				CLANG_WARN_BOOL_CONVERSION = YES;
				CLANG_WARN_CONSTANT_CONVERSION = YES;
				CLANG_WARN_DIRECT_OBJC_ISA_USAGE = YES_ERROR;
				CLANG_WARN_EMPTY_BODY = YES;
				CLANG_WARN_ENUM_CONVERSION = YES;
				CLANG_WARN_INT_CONVERSION = YES;
				CLANG_WARN_OBJC_ROOT_CLASS = YES_ERROR;
				CLANG_WARN__DUPLICATE_METHOD_MATCH = YES;
				"CODE_SIGN_IDENTITY[sdk=iphoneos*]" = "iPhone Developer";
				COPY_PHASE_STRIP = YES;
				ENABLE_NS_ASSERTIONS = NO;
				GCC_C_LANGUAGE_STANDARD = gnu99;
				GCC_WARN_64_TO_32_BIT_CONVERSION = YES;
				GCC_WARN_ABOUT_RETURN_TYPE = YES_ERROR;
				GCC_WARN_UNDECLARED_SELECTOR = YES;
				GCC_WARN_UNINITIALIZED_AUTOS = YES;
				GCC_WARN_UNUSED_FUNCTION = YES;
				GCC_WARN_UNUSED_VARIABLE = YES;
				IPHONEOS_DEPLOYMENT_TARGET = 7.0;
				SDKROOT = iphoneos;
				VALIDATE_PRODUCT = YES;
			};
			name = Release;
		};
		A914CCDC18CD756200B870D8 /* Debug */ = {
			isa = XCBuildConfiguration;
			buildSettings = {
				ASSETCATALOG_COMPILER_APPICON_NAME = AppIcon;
				ASSETCATALOG_COMPILER_LAUNCHIMAGE_NAME = LaunchImage;
				GCC_PRECOMPILE_PREFIX_HEADER = YES;
				GCC_PREFIX_HEADER = "WeedaForiPhone/WeedaForiPhone-Prefix.pch";
				HEADER_SEARCH_PATHS = "\"$(BUILT_PRODUCTS_DIR)/../../Headers\"";
				INFOPLIST_FILE = "WeedaForiPhone/WeedaForiPhone-Info.plist";
				IPHONEOS_DEPLOYMENT_TARGET = 7.1;
				OTHER_LDFLAGS = "-ObjC";
				PRODUCT_NAME = "$(TARGET_NAME)";
				WRAPPER_EXTENSION = app;
			};
			name = Debug;
		};
		A914CCDD18CD756200B870D8 /* Release */ = {
			isa = XCBuildConfiguration;
			buildSettings = {
				ASSETCATALOG_COMPILER_APPICON_NAME = AppIcon;
				ASSETCATALOG_COMPILER_LAUNCHIMAGE_NAME = LaunchImage;
				GCC_PRECOMPILE_PREFIX_HEADER = YES;
				GCC_PREFIX_HEADER = "WeedaForiPhone/WeedaForiPhone-Prefix.pch";
				HEADER_SEARCH_PATHS = "\"$(BUILT_PRODUCTS_DIR)/../../Headers\"";
				INFOPLIST_FILE = "WeedaForiPhone/WeedaForiPhone-Info.plist";
				IPHONEOS_DEPLOYMENT_TARGET = 7.1;
				OTHER_LDFLAGS = "-ObjC";
				PRODUCT_NAME = "$(TARGET_NAME)";
				WRAPPER_EXTENSION = app;
			};
			name = Release;
		};
		A914CCDF18CD756200B870D8 /* Debug */ = {
			isa = XCBuildConfiguration;
			buildSettings = {
				BUNDLE_LOADER = "$(BUILT_PRODUCTS_DIR)/WeedaForiPhone.app/WeedaForiPhone";
				FRAMEWORK_SEARCH_PATHS = (
					"$(SDKROOT)/Developer/Library/Frameworks",
					"$(inherited)",
					"$(DEVELOPER_FRAMEWORKS_DIR)",
				);
				GCC_PRECOMPILE_PREFIX_HEADER = YES;
				GCC_PREFIX_HEADER = "WeedaForiPhone/WeedaForiPhone-Prefix.pch";
				GCC_PREPROCESSOR_DEFINITIONS = (
					"DEBUG=1",
					"$(inherited)",
				);
				INFOPLIST_FILE = "WeedaForiPhoneTests/WeedaForiPhoneTests-Info.plist";
				PRODUCT_NAME = "$(TARGET_NAME)";
				TEST_HOST = "$(BUNDLE_LOADER)";
				WRAPPER_EXTENSION = xctest;
			};
			name = Debug;
		};
		A914CCE018CD756200B870D8 /* Release */ = {
			isa = XCBuildConfiguration;
			buildSettings = {
				BUNDLE_LOADER = "$(BUILT_PRODUCTS_DIR)/WeedaForiPhone.app/WeedaForiPhone";
				FRAMEWORK_SEARCH_PATHS = (
					"$(SDKROOT)/Developer/Library/Frameworks",
					"$(inherited)",
					"$(DEVELOPER_FRAMEWORKS_DIR)",
				);
				GCC_PRECOMPILE_PREFIX_HEADER = YES;
				GCC_PREFIX_HEADER = "WeedaForiPhone/WeedaForiPhone-Prefix.pch";
				INFOPLIST_FILE = "WeedaForiPhoneTests/WeedaForiPhoneTests-Info.plist";
				PRODUCT_NAME = "$(TARGET_NAME)";
				TEST_HOST = "$(BUNDLE_LOADER)";
				WRAPPER_EXTENSION = xctest;
			};
			name = Release;
		};
/* End XCBuildConfiguration section */

/* Begin XCConfigurationList section */
		A914CC9B18CD756200B870D8 /* Build configuration list for PBXProject "WeedaForiPhone" */ = {
			isa = XCConfigurationList;
			buildConfigurations = (
				A914CCD918CD756200B870D8 /* Debug */,
				A914CCDA18CD756200B870D8 /* Release */,
			);
			defaultConfigurationIsVisible = 0;
			defaultConfigurationName = Release;
		};
		A914CCDB18CD756200B870D8 /* Build configuration list for PBXNativeTarget "WeedaForiPhone" */ = {
			isa = XCConfigurationList;
			buildConfigurations = (
				A914CCDC18CD756200B870D8 /* Debug */,
				A914CCDD18CD756200B870D8 /* Release */,
			);
			defaultConfigurationIsVisible = 0;
			defaultConfigurationName = Release;
		};
		A914CCDE18CD756200B870D8 /* Build configuration list for PBXNativeTarget "WeedaForiPhoneTests" */ = {
			isa = XCConfigurationList;
			buildConfigurations = (
				A914CCDF18CD756200B870D8 /* Debug */,
				A914CCE018CD756200B870D8 /* Release */,
			);
			defaultConfigurationIsVisible = 0;
			defaultConfigurationName = Release;
		};
/* End XCConfigurationList section */

/* Begin XCVersionGroup section */
		A953B6FC18D6D9DB001CDD4C /* Model.xcdatamodeld */ = {
			isa = XCVersionGroup;
			children = (
				A953B6FD18D6D9DB001CDD4C /* Model.xcdatamodel */,
			);
			currentVersion = A953B6FD18D6D9DB001CDD4C /* Model.xcdatamodel */;
			path = Model.xcdatamodeld;
			sourceTree = "<group>";
			versionGroupType = wrapper.xcdatamodel;
		};
/* End XCVersionGroup section */
	};
	rootObject = A914CC9818CD756200B870D8 /* Project object */;
}
